
Microsoft Visual Studio Solution File, Format Version 12.00
# Visual Studio Version 16
VisualStudioVersion = 16.0.29519.87
MinimumVisualStudioVersion = 10.0.40219.1
Project("{FAE04EC0-301F-11D3-BF4B-00C04F79EFBC}") = "WeatherMonitor", "WeatherMonitor\WeatherMonitor.csproj", "{0B62BDF7-3BD2-449F-801F-DB00FEDB0D73}"
EndProject
Project("{FAE04EC0-301F-11D3-BF4B-00C04F79EFBC}") = "WeatherDemon", "WeatherDemon\WeatherDemon.csproj", "{6185C74D-F85F-43BD-A878-D4BF88320C60}"
EndProject
Project("{FAE04EC0-301F-11D3-BF4B-00C04F79EFBC}") = "ProcessDailyWeathers", "ProcessDailyWeathers\ProcessDailyWeathers.csproj", "{30947F76-8C85-497A-812C-E0C3BE712B01}"
EndProject
Global
	GlobalSection(SolutionConfigurationPlatforms) = preSolution
		Debug|Any CPU = Debug|Any CPU
		Release|Any CPU = Release|Any CPU
	EndGlobalSection
	GlobalSection(ProjectConfigurationPlatforms) = postSolution
		{0B62BDF7-3BD2-449F-801F-DB00FEDB0D73}.Debug|Any CPU.ActiveCfg = Debug|Any CPU
		{0B62BDF7-3BD2-449F-801F-DB00FEDB0D73}.Debug|Any CPU.Build.0 = Debug|Any CPU
		{0B62BDF7-3BD2-449F-801F-DB00FEDB0D73}.Release|Any CPU.ActiveCfg = Release|Any CPU
		{0B62BDF7-3BD2-449F-801F-DB00FEDB0D73}.Release|Any CPU.Build.0 = Release|Any CPU
		{6185C74D-F85F-43BD-A878-D4BF88320C60}.Debug|Any CPU.ActiveCfg = Debug|Any CPU
		{6185C74D-F85F-43BD-A878-D4BF88320C60}.Debug|Any CPU.Build.0 = Debug|Any CPU
		{6185C74D-F85F-43BD-A878-D4BF88320C60}.Release|Any CPU.ActiveCfg = Release|Any CPU
		{6185C74D-F85F-43BD-A878-D4BF88320C60}.Release|Any CPU.Build.0 = Release|Any CPU
		{30947F76-8C85-497A-812C-E0C3BE712B01}.Debug|Any CPU.ActiveCfg = Debug|Any CPU
		{30947F76-8C85-497A-812C-E0C3BE712B01}.Debug|Any CPU.Build.0 = Debug|Any CPU
		{30947F76-8C85-497A-812C-E0C3BE712B01}.Release|Any CPU.ActiveCfg = Release|Any CPU
		{30947F76-8C85-497A-812C-E0C3BE712B01}.Release|Any CPU.Build.0 = Release|Any CPU
	EndGlobalSection
	GlobalSection(SolutionProperties) = preSolution
		HideSolutionNode = FALSE
	EndGlobalSection
	GlobalSection(ExtensibilityGlobals) = postSolution
		SolutionGuid = {B8D103B9-14B6-4067-B6AB-8CAF65B89F68}
	EndGlobalSection
EndGlobal
